{
  "name": "nodejs",
  "version": "1.0.0",
  "lockfileVersion": 3,
  "requires": true,
  "packages": {
    "": {
      "name": "nodejs",
      "version": "1.0.0",
      "license": "ISC",
      "dependencies": {
        "figlet": "^1.9.3",
        "fs": "^0.0.1-security"
      }
    },
    "node_modules/commander": {
      "version": "14.0.1",
      "resolved": "https://registry.npmjs.org/commander/-/commander-14.0.1.tgz",
      "integrity": "sha512-2JkV3gUZUVrbNA+1sjBOYLsMZ5cEEl8GTFP2a4AVz5hvasAMCQ1D2l2le/cX+pV4N6ZU17zjUahLpIXRrnWL8A==",
      "license": "MIT",
      "engines": {
        "node": ">=20"
      }
    },
    "node_modules/figlet": {
      "version": "1.9.3",
      "resolved": "https://registry.npmjs.org/figlet/-/figlet-1.9.3.tgz",
      "integrity": "sha512-majPgOpVtrZN1iyNGbsUP6bOtZ6eaJgg5HHh0vFvm5DJhh8dc+FJpOC4GABvMZ/A7XHAJUuJujhgUY/2jPWgMA==",
      "license": "MIT",
      "dependencies": {
        "commander": "^14.0.0"
      },
      "bin": {
        "figlet": "bin/index.js"
      },
      "engines": {
        "node": ">= 17.0.0"
      }
    },
    "node_modules/fs": {
      "version": "0.0.1-security",
      "resolved": "https://registry.npmjs.org/fs/-/fs-0.0.1-security.tgz",
      "integrity": "sha512-3XY9e1pP0CVEUCdj5BmfIZxRBTSDycnbqhIOGec9QYtmVH2fbLpj86CFWkrNOkt/Fvty4KZG5lTglL9j/gJ87w==",
      "license": "ISC"
    }
  }
}
